
Microsoft Visual Studio Solution File, Format Version 12.00
# Visual Studio 2012
Project("{FAE04EC0-301F-11D3-BF4B-00C04F79EFBC}") = "Configurator", "Configurator.csproj", "{398C94C2-E1E2-41E9-AC70-9D7051C51C31}"
EndProject
Global
	GlobalSection(SolutionConfigurationPlatforms) = preSolution
		Debug|Any CPU = Debug|Any CPU
		Release|Any CPU = Release|Any CPU
	EndGlobalSection
	GlobalSection(ProjectConfigurationPlatforms) = postSolution
		{398C94C2-E1E2-41E9-AC70-9D7051C51C31}.Debug|Any CPU.ActiveCfg = Debug|Any CPU
		{398C94C2-E1E2-41E9-AC70-9D7051C51C31}.Debug|Any CPU.Build.0 = Debug|Any CPU
		{398C94C2-E1E2-41E9-AC70-9D7051C51C31}.Release|Any CPU.ActiveCfg = Release|Any CPU
		{398C94C2-E1E2-41E9-AC70-9D7051C51C31}.Release|Any CPU.Build.0 = Release|Any CPU
	EndGlobalSection
	GlobalSection(SolutionProperties) = preSolution
		HideSolutionNode = FALSE
	EndGlobalSection
EndGlobal
